
Microsoft Visual Studio Solution File, Format Version 12.00
# Visual Studio Version 17
VisualStudioVersion = 17.6.33829.357
MinimumVisualStudioVersion = 10.0.40219.1
Project("{FAE04EC0-301F-11D3-BF4B-00C04F79EFBC}") = "CinemaApplication", "CinemaApplication\CinemaApplication.csproj", "{C631563C-2C26-4C21-86F6-FB8CC018EF92}"
EndProject
Global
	GlobalSection(SolutionConfigurationPlatforms) = preSolution
		Debug|Any CPU = Debug|Any CPU
		Release|Any CPU = Release|Any CPU
	EndGlobalSection
	GlobalSection(ProjectConfigurationPlatforms) = postSolution
		{C631563C-2C26-4C21-86F6-FB8CC018EF92}.Debug|Any CPU.ActiveCfg = Debug|Any CPU
		{C631563C-2C26-4C21-86F6-FB8CC018EF92}.Debug|Any CPU.Build.0 = Debug|Any CPU
		{C631563C-2C26-4C21-86F6-FB8CC018EF92}.Release|Any CPU.ActiveCfg = Release|Any CPU
		{C631563C-2C26-4C21-86F6-FB8CC018EF92}.Release|Any CPU.Build.0 = Release|Any CPU
	EndGlobalSection
	GlobalSection(SolutionProperties) = preSolution
		HideSolutionNode = FALSE
	EndGlobalSection
	GlobalSection(ExtensibilityGlobals) = postSolution
		SolutionGuid = {39ED1C0A-2CD4-4F97-924D-67ED48313F79}
	EndGlobalSection
EndGlobal
